
Microsoft Visual Studio Solution File, Format Version 12.00
# Visual Studio 15
VisualStudioVersion = 15.0.27130.2024
MinimumVisualStudioVersion = 10.0.40219.1
Project("{9A19103F-16F7-4668-BE54-9A1E7A4F7556}") = "LineMessagingApi", "LineMessagingApi\LineMessagingApi.csproj", "{0AFBF059-69CD-4DCF-B510-5D3329521D46}"
EndProject
Project("{9A19103F-16F7-4668-BE54-9A1E7A4F7556}") = "WeddingPhotoViewer", "WeddingPhotoViewer\WeddingPhotoViewer.csproj", "{857317BE-02E7-41E0-8CA6-0259D70F51EE}"
EndProject
Project("{FAE04EC0-301F-11D3-BF4B-00C04F79EFBC}") = "WeddingPhotoSharing.WebJob", "WeddingPhotoSharing.WebJob\WeddingPhotoSharing.WebJob.csproj", "{B1F7E45C-1AF8-48AB-944D-944EE160F8B9}"
EndProject
Global
	GlobalSection(SolutionConfigurationPlatforms) = preSolution
		Debug|Any CPU = Debug|Any CPU
		Release|Any CPU = Release|Any CPU
	EndGlobalSection
	GlobalSection(ProjectConfigurationPlatforms) = postSolution
		{0AFBF059-69CD-4DCF-B510-5D3329521D46}.Debug|Any CPU.ActiveCfg = Debug|Any CPU
		{0AFBF059-69CD-4DCF-B510-5D3329521D46}.Debug|Any CPU.Build.0 = Debug|Any CPU
		{0AFBF059-69CD-4DCF-B510-5D3329521D46}.Release|Any CPU.ActiveCfg = Release|Any CPU
		{0AFBF059-69CD-4DCF-B510-5D3329521D46}.Release|Any CPU.Build.0 = Release|Any CPU
		{857317BE-02E7-41E0-8CA6-0259D70F51EE}.Debug|Any CPU.ActiveCfg = Debug|Any CPU
		{857317BE-02E7-41E0-8CA6-0259D70F51EE}.Debug|Any CPU.Build.0 = Debug|Any CPU
		{857317BE-02E7-41E0-8CA6-0259D70F51EE}.Release|Any CPU.ActiveCfg = Release|Any CPU
		{857317BE-02E7-41E0-8CA6-0259D70F51EE}.Release|Any CPU.Build.0 = Release|Any CPU
		{B1F7E45C-1AF8-48AB-944D-944EE160F8B9}.Debug|Any CPU.ActiveCfg = Debug|Any CPU
		{B1F7E45C-1AF8-48AB-944D-944EE160F8B9}.Debug|Any CPU.Build.0 = Debug|Any CPU
		{B1F7E45C-1AF8-48AB-944D-944EE160F8B9}.Release|Any CPU.ActiveCfg = Release|Any CPU
		{B1F7E45C-1AF8-48AB-944D-944EE160F8B9}.Release|Any CPU.Build.0 = Release|Any CPU
	EndGlobalSection
	GlobalSection(SolutionProperties) = preSolution
		HideSolutionNode = FALSE
	EndGlobalSection
	GlobalSection(ExtensibilityGlobals) = postSolution
		SolutionGuid = {58A86B55-D86F-447A-969C-2CA907782920}
	EndGlobalSection
EndGlobal
